
Microsoft Visual Studio Solution File, Format Version 11.00
# Visual Studio 2010
# SharpDevelop 5.1
Project("{FAE04EC0-301F-11D3-BF4B-00C04F79EFBC}") = "tugas2", "tugas2\tugas2.csproj", "{319BAB99-BEAD-48C5-8BB5-F89D2B933212}"
EndProject
Global
	GlobalSection(SolutionConfigurationPlatforms) = preSolution
		Debug|Any CPU = Debug|Any CPU
		Release|Any CPU = Release|Any CPU
	EndGlobalSection
	GlobalSection(ProjectConfigurationPlatforms) = postSolution
		{319BAB99-BEAD-48C5-8BB5-F89D2B933212}.Debug|Any CPU.ActiveCfg = Debug|Any CPU
		{319BAB99-BEAD-48C5-8BB5-F89D2B933212}.Debug|Any CPU.Build.0 = Debug|Any CPU
		{319BAB99-BEAD-48C5-8BB5-F89D2B933212}.Release|Any CPU.ActiveCfg = Release|Any CPU
		{319BAB99-BEAD-48C5-8BB5-F89D2B933212}.Release|Any CPU.Build.0 = Release|Any CPU
	EndGlobalSection
EndGlobal
